
Microsoft Visual Studio Solution File, Format Version 12.00
# Visual Studio Version 16
VisualStudioVersion = 16.0.30225.117
MinimumVisualStudioVersion = 10.0.40219.1
Project("{9A19103F-16F7-4668-BE54-9A1E7A4F7556}") = "OpenRoads.API", "OpenRoads.API\OpenRoads.API.csproj", "{824F9C47-6BF1-4EBF-97CE-6087DD4F2A75}"
EndProject
Project("{9A19103F-16F7-4668-BE54-9A1E7A4F7556}") = "OpenRoads.Model", "OpenRoads.Model\OpenRoads.Model.csproj", "{1D72A138-5396-4E54-A497-AF6235DA8EE0}"
EndProject
Project("{2150E333-8FDC-42A3-9474-1A3956D46DE8}") = "UI", "UI", "{E6F87AAE-C767-4D1F-8663-1866F88EC5C1}"
EndProject
Project("{FAE04EC0-301F-11D3-BF4B-00C04F79EFBC}") = "OpenRoads.WinUI", "OpenRoads.WinUi\OpenRoads.WinUI.csproj", "{4D7A9833-3C98-42C4-A2DD-AE4C5D3E5342}"
EndProject
Project("{FAE04EC0-301F-11D3-BF4B-00C04F79EFBC}") = "OpenRoads.Mobile.UWP", "OpenRoads.Mobile\OpenRoads.Mobile.UWP\OpenRoads.Mobile.UWP.csproj", "{13CA434A-4F4D-4892-97DB-F1ACAD25442F}"
EndProject
Project("{FAE04EC0-301F-11D3-BF4B-00C04F79EFBC}") = "OpenRoads.Mobile.Android", "OpenRoads.Mobile\OpenRoads.Mobile.Android\OpenRoads.Mobile.Android.csproj", "{0D926861-27F6-4C5F-A23D-B55CE623F257}"
EndProject
Project("{FAE04EC0-301F-11D3-BF4B-00C04F79EFBC}") = "OpenRoads.Mobile.iOS", "OpenRoads.Mobile\OpenRoads.Mobile.iOS\OpenRoads.Mobile.iOS.csproj", "{E0CF057E-D5C2-4DA1-8907-C11AB4453203}"
EndProject
Project("{FAE04EC0-301F-11D3-BF4B-00C04F79EFBC}") = "OpenRoads.Mobile", "OpenRoads.Mobile\OpenRoads.Mobile\OpenRoads.Mobile.csproj", "{5B39319A-502C-4569-9921-B4CAAF1C2C62}"
EndProject
Project("{2150E333-8FDC-42A3-9474-1A3956D46DE8}") = "Mobile", "Mobile", "{DFFD1D93-AC6A-42FA-A612-CA50F143E1C6}"
EndProject
Global
	GlobalSection(SolutionConfigurationPlatforms) = preSolution
		Debug|Any CPU = Debug|Any CPU
		Debug|ARM = Debug|ARM
		Debug|iPhone = Debug|iPhone
		Debug|iPhoneSimulator = Debug|iPhoneSimulator
		Debug|x64 = Debug|x64
		Debug|x86 = Debug|x86
		Release|Any CPU = Release|Any CPU
		Release|ARM = Release|ARM
		Release|iPhone = Release|iPhone
		Release|iPhoneSimulator = Release|iPhoneSimulator
		Release|x64 = Release|x64
		Release|x86 = Release|x86
	EndGlobalSection
	GlobalSection(ProjectConfigurationPlatforms) = postSolution
		{824F9C47-6BF1-4EBF-97CE-6087DD4F2A75}.Debug|Any CPU.ActiveCfg = Debug|Any CPU
		{824F9C47-6BF1-4EBF-97CE-6087DD4F2A75}.Debug|Any CPU.Build.0 = Debug|Any CPU
		{824F9C47-6BF1-4EBF-97CE-6087DD4F2A75}.Debug|ARM.ActiveCfg = Debug|Any CPU
		{824F9C47-6BF1-4EBF-97CE-6087DD4F2A75}.Debug|ARM.Build.0 = Debug|Any CPU
		{824F9C47-6BF1-4EBF-97CE-6087DD4F2A75}.Debug|iPhone.ActiveCfg = Debug|Any CPU
		{824F9C47-6BF1-4EBF-97CE-6087DD4F2A75}.Debug|iPhone.Build.0 = Debug|Any CPU
		{824F9C47-6BF1-4EBF-97CE-6087DD4F2A75}.Debug|iPhoneSimulator.ActiveCfg = Debug|Any CPU
		{824F9C47-6BF1-4EBF-97CE-6087DD4F2A75}.Debug|iPhoneSimulator.Build.0 = Debug|Any CPU
		{824F9C47-6BF1-4EBF-97CE-6087DD4F2A75}.Debug|x64.ActiveCfg = Debug|Any CPU
		{824F9C47-6BF1-4EBF-97CE-6087DD4F2A75}.Debug|x64.Build.0 = Debug|Any CPU
		{824F9C47-6BF1-4EBF-97CE-6087DD4F2A75}.Debug|x86.ActiveCfg = Debug|Any CPU
		{824F9C47-6BF1-4EBF-97CE-6087DD4F2A75}.Debug|x86.Build.0 = Debug|Any CPU
		{824F9C47-6BF1-4EBF-97CE-6087DD4F2A75}.Release|Any CPU.ActiveCfg = Release|Any CPU
		{824F9C47-6BF1-4EBF-97CE-6087DD4F2A75}.Release|Any CPU.Build.0 = Release|Any CPU
		{824F9C47-6BF1-4EBF-97CE-6087DD4F2A75}.Release|ARM.ActiveCfg = Release|Any CPU
		{824F9C47-6BF1-4EBF-97CE-6087DD4F2A75}.Release|ARM.Build.0 = Release|Any CPU
		{824F9C47-6BF1-4EBF-97CE-6087DD4F2A75}.Release|iPhone.ActiveCfg = Release|Any CPU
		{824F9C47-6BF1-4EBF-97CE-6087DD4F2A75}.Release|iPhone.Build.0 = Release|Any CPU
		{824F9C47-6BF1-4EBF-97CE-6087DD4F2A75}.Release|iPhoneSimulator.ActiveCfg = Release|Any CPU
		{824F9C47-6BF1-4EBF-97CE-6087DD4F2A75}.Release|iPhoneSimulator.Build.0 = Release|Any CPU
		{824F9C47-6BF1-4EBF-97CE-6087DD4F2A75}.Release|x64.ActiveCfg = Release|Any CPU
		{824F9C47-6BF1-4EBF-97CE-6087DD4F2A75}.Release|x64.Build.0 = Release|Any CPU
		{824F9C47-6BF1-4EBF-97CE-6087DD4F2A75}.Release|x86.ActiveCfg = Release|Any CPU
		{824F9C47-6BF1-4EBF-97CE-6087DD4F2A75}.Release|x86.Build.0 = Release|Any CPU
		{1D72A138-5396-4E54-A497-AF6235DA8EE0}.Debug|Any CPU.ActiveCfg = Debug|Any CPU
		{1D72A138-5396-4E54-A497-AF6235DA8EE0}.Debug|Any CPU.Build.0 = Debug|Any CPU
		{1D72A138-5396-4E54-A497-AF6235DA8EE0}.Debug|ARM.ActiveCfg = Debug|Any CPU
		{1D72A138-5396-4E54-A497-AF6235DA8EE0}.Debug|ARM.Build.0 = Debug|Any CPU
		{1D72A138-5396-4E54-A497-AF6235DA8EE0}.Debug|iPhone.ActiveCfg = Debug|Any CPU
		{1D72A138-5396-4E54-A497-AF6235DA8EE0}.Debug|iPhone.Build.0 = Debug|Any CPU
		{1D72A138-5396-4E54-A497-AF6235DA8EE0}.Debug|iPhoneSimulator.ActiveCfg = Debug|Any CPU
		{1D72A138-5396-4E54-A497-AF6235DA8EE0}.Debug|iPhoneSimulator.Build.0 = Debug|Any CPU
		{1D72A138-5396-4E54-A497-AF6235DA8EE0}.Debug|x64.ActiveCfg = Debug|Any CPU
		{1D72A138-5396-4E54-A497-AF6235DA8EE0}.Debug|x64.Build.0 = Debug|Any CPU
		{1D72A138-5396-4E54-A497-AF6235DA8EE0}.Debug|x86.ActiveCfg = Debug|Any CPU
		{1D72A138-5396-4E54-A497-AF6235DA8EE0}.Debug|x86.Build.0 = Debug|Any CPU
		{1D72A138-5396-4E54-A497-AF6235DA8EE0}.Release|Any CPU.ActiveCfg = Release|Any CPU
		{1D72A138-5396-4E54-A497-AF6235DA8EE0}.Release|Any CPU.Build.0 = Release|Any CPU
		{1D72A138-5396-4E54-A497-AF6235DA8EE0}.Release|ARM.ActiveCfg = Release|Any CPU
		{1D72A138-5396-4E54-A497-AF6235DA8EE0}.Release|ARM.Build.0 = Release|Any CPU
		{1D72A138-5396-4E54-A497-AF6235DA8EE0}.Release|iPhone.ActiveCfg = Release|Any CPU
		{1D72A138-5396-4E54-A497-AF6235DA8EE0}.Release|iPhone.Build.0 = Release|Any CPU
		{1D72A138-5396-4E54-A497-AF6235DA8EE0}.Release|iPhoneSimulator.ActiveCfg = Release|Any CPU
		{1D72A138-5396-4E54-A497-AF6235DA8EE0}.Release|iPhoneSimulator.Build.0 = Release|Any CPU
		{1D72A138-5396-4E54-A497-AF6235DA8EE0}.Release|x64.ActiveCfg = Release|Any CPU
		{1D72A138-5396-4E54-A497-AF6235DA8EE0}.Release|x64.Build.0 = Release|Any CPU
		{1D72A138-5396-4E54-A497-AF6235DA8EE0}.Release|x86.ActiveCfg = Release|Any CPU
		{1D72A138-5396-4E54-A497-AF6235DA8EE0}.Release|x86.Build.0 = Release|Any CPU
		{4D7A9833-3C98-42C4-A2DD-AE4C5D3E5342}.Debug|Any CPU.ActiveCfg = Debug|Any CPU
		{4D7A9833-3C98-42C4-A2DD-AE4C5D3E5342}.Debug|Any CPU.Build.0 = Debug|Any CPU
		{4D7A9833-3C98-42C4-A2DD-AE4C5D3E5342}.Debug|ARM.ActiveCfg = Debug|Any CPU
		{4D7A9833-3C98-42C4-A2DD-AE4C5D3E5342}.Debug|ARM.Build.0 = Debug|Any CPU
		{4D7A9833-3C98-42C4-A2DD-AE4C5D3E5342}.Debug|iPhone.ActiveCfg = Debug|Any CPU
		{4D7A9833-3C98-42C4-A2DD-AE4C5D3E5342}.Debug|iPhone.Build.0 = Debug|Any CPU
		{4D7A9833-3C98-42C4-A2DD-AE4C5D3E5342}.Debug|iPhoneSimulator.ActiveCfg = Debug|Any CPU
		{4D7A9833-3C98-42C4-A2DD-AE4C5D3E5342}.Debug|iPhoneSimulator.Build.0 = Debug|Any CPU
		{4D7A9833-3C98-42C4-A2DD-AE4C5D3E5342}.Debug|x64.ActiveCfg = Debug|Any CPU
		{4D7A9833-3C98-42C4-A2DD-AE4C5D3E5342}.Debug|x64.Build.0 = Debug|Any CPU
		{4D7A9833-3C98-42C4-A2DD-AE4C5D3E5342}.Debug|x86.ActiveCfg = Debug|Any CPU
		{4D7A9833-3C98-42C4-A2DD-AE4C5D3E5342}.Debug|x86.Build.0 = Debug|Any CPU
		{4D7A9833-3C98-42C4-A2DD-AE4C5D3E5342}.Release|Any CPU.ActiveCfg = Release|Any CPU
		{4D7A9833-3C98-42C4-A2DD-AE4C5D3E5342}.Release|Any CPU.Build.0 = Release|Any CPU
		{4D7A9833-3C98-42C4-A2DD-AE4C5D3E5342}.Release|ARM.ActiveCfg = Release|Any CPU
		{4D7A9833-3C98-42C4-A2DD-AE4C5D3E5342}.Release|ARM.Build.0 = Release|Any CPU
		{4D7A9833-3C98-42C4-A2DD-AE4C5D3E5342}.Release|iPhone.ActiveCfg = Release|Any CPU
		{4D7A9833-3C98-42C4-A2DD-AE4C5D3E5342}.Release|iPhone.Build.0 = Release|Any CPU
		{4D7A9833-3C98-42C4-A2DD-AE4C5D3E5342}.Release|iPhoneSimulator.ActiveCfg = Release|Any CPU
		{4D7A9833-3C98-42C4-A2DD-AE4C5D3E5342}.Release|iPhoneSimulator.Build.0 = Release|Any CPU
		{4D7A9833-3C98-42C4-A2DD-AE4C5D3E5342}.Release|x64.ActiveCfg = Release|Any CPU
		{4D7A9833-3C98-42C4-A2DD-AE4C5D3E5342}.Release|x64.Build.0 = Release|Any CPU
		{4D7A9833-3C98-42C4-A2DD-AE4C5D3E5342}.Release|x86.ActiveCfg = Release|Any CPU
		{4D7A9833-3C98-42C4-A2DD-AE4C5D3E5342}.Release|x86.Build.0 = Release|Any CPU
		{13CA434A-4F4D-4892-97DB-F1ACAD25442F}.Debug|Any CPU.ActiveCfg = Debug|x86
		{13CA434A-4F4D-4892-97DB-F1ACAD25442F}.Debug|ARM.ActiveCfg = Debug|ARM
		{13CA434A-4F4D-4892-97DB-F1ACAD25442F}.Debug|ARM.Build.0 = Debug|ARM
		{13CA434A-4F4D-4892-97DB-F1ACAD25442F}.Debug|ARM.Deploy.0 = Debug|ARM
		{13CA434A-4F4D-4892-97DB-F1ACAD25442F}.Debug|iPhone.ActiveCfg = Debug|x86
		{13CA434A-4F4D-4892-97DB-F1ACAD25442F}.Debug|iPhoneSimulator.ActiveCfg = Debug|x86
		{13CA434A-4F4D-4892-97DB-F1ACAD25442F}.Debug|x64.ActiveCfg = Debug|x64
		{13CA434A-4F4D-4892-97DB-F1ACAD25442F}.Debug|x64.Build.0 = Debug|x64
		{13CA434A-4F4D-4892-97DB-F1ACAD25442F}.Debug|x64.Deploy.0 = Debug|x64
		{13CA434A-4F4D-4892-97DB-F1ACAD25442F}.Debug|x86.ActiveCfg = Debug|x86
		{13CA434A-4F4D-4892-97DB-F1ACAD25442F}.Debug|x86.Build.0 = Debug|x86
		{13CA434A-4F4D-4892-97DB-F1ACAD25442F}.Debug|x86.Deploy.0 = Debug|x86
		{13CA434A-4F4D-4892-97DB-F1ACAD25442F}.Release|Any CPU.ActiveCfg = Release|x86
		{13CA434A-4F4D-4892-97DB-F1ACAD25442F}.Release|ARM.ActiveCfg = Release|ARM
		{13CA434A-4F4D-4892-97DB-F1ACAD25442F}.Release|ARM.Build.0 = Release|ARM
		{13CA434A-4F4D-4892-97DB-F1ACAD25442F}.Release|ARM.Deploy.0 = Release|ARM
		{13CA434A-4F4D-4892-97DB-F1ACAD25442F}.Release|iPhone.ActiveCfg = Release|x86
		{13CA434A-4F4D-4892-97DB-F1ACAD25442F}.Release|iPhoneSimulator.ActiveCfg = Release|x86
		{13CA434A-4F4D-4892-97DB-F1ACAD25442F}.Release|x64.ActiveCfg = Release|x64
		{13CA434A-4F4D-4892-97DB-F1ACAD25442F}.Release|x64.Build.0 = Release|x64
		{13CA434A-4F4D-4892-97DB-F1ACAD25442F}.Release|x64.Deploy.0 = Release|x64
		{13CA434A-4F4D-4892-97DB-F1ACAD25442F}.Release|x86.ActiveCfg = Release|x86
		{13CA434A-4F4D-4892-97DB-F1ACAD25442F}.Release|x86.Build.0 = Release|x86
		{13CA434A-4F4D-4892-97DB-F1ACAD25442F}.Release|x86.Deploy.0 = Release|x86
		{0D926861-27F6-4C5F-A23D-B55CE623F257}.Debug|Any CPU.ActiveCfg = Debug|Any CPU
		{0D926861-27F6-4C5F-A23D-B55CE623F257}.Debug|Any CPU.Build.0 = Debug|Any CPU
		{0D926861-27F6-4C5F-A23D-B55CE623F257}.Debug|Any CPU.Deploy.0 = Debug|Any CPU
		{0D926861-27F6-4C5F-A23D-B55CE623F257}.Debug|ARM.ActiveCfg = Debug|Any CPU
		{0D926861-27F6-4C5F-A23D-B55CE623F257}.Debug|ARM.Build.0 = Debug|Any CPU
		{0D926861-27F6-4C5F-A23D-B55CE623F257}.Debug|ARM.Deploy.0 = Debug|Any CPU
		{0D926861-27F6-4C5F-A23D-B55CE623F257}.Debug|iPhone.ActiveCfg = Debug|Any CPU
		{0D926861-27F6-4C5F-A23D-B55CE623F257}.Debug|iPhone.Build.0 = Debug|Any CPU
		{0D926861-27F6-4C5F-A23D-B55CE623F257}.Debug|iPhone.Deploy.0 = Debug|Any CPU
		{0D926861-27F6-4C5F-A23D-B55CE623F257}.Debug|iPhoneSimulator.ActiveCfg = Debug|Any CPU
		{0D926861-27F6-4C5F-A23D-B55CE623F257}.Debug|iPhoneSimulator.Build.0 = Debug|Any CPU
		{0D926861-27F6-4C5F-A23D-B55CE623F257}.Debug|iPhoneSimulator.Deploy.0 = Debug|Any CPU
		{0D926861-27F6-4C5F-A23D-B55CE623F257}.Debug|x64.ActiveCfg = Debug|Any CPU
		{0D926861-27F6-4C5F-A23D-B55CE623F257}.Debug|x64.Build.0 = Debug|Any CPU
		{0D926861-27F6-4C5F-A23D-B55CE623F257}.Debug|x64.Deploy.0 = Debug|Any CPU
		{0D926861-27F6-4C5F-A23D-B55CE623F257}.Debug|x86.ActiveCfg = Debug|Any CPU
		{0D926861-27F6-4C5F-A23D-B55CE623F257}.Debug|x86.Build.0 = Debug|Any CPU
		{0D926861-27F6-4C5F-A23D-B55CE623F257}.Debug|x86.Deploy.0 = Debug|Any CPU
		{0D926861-27F6-4C5F-A23D-B55CE623F257}.Release|Any CPU.ActiveCfg = Release|Any CPU
		{0D926861-27F6-4C5F-A23D-B55CE623F257}.Release|Any CPU.Build.0 = Release|Any CPU
		{0D926861-27F6-4C5F-A23D-B55CE623F257}.Release|Any CPU.Deploy.0 = Release|Any CPU
		{0D926861-27F6-4C5F-A23D-B55CE623F257}.Release|ARM.ActiveCfg = Release|Any CPU
		{0D926861-27F6-4C5F-A23D-B55CE623F257}.Release|ARM.Build.0 = Release|Any CPU
		{0D926861-27F6-4C5F-A23D-B55CE623F257}.Release|ARM.Deploy.0 = Release|Any CPU
		{0D926861-27F6-4C5F-A23D-B55CE623F257}.Release|iPhone.ActiveCfg = Release|Any CPU
		{0D926861-27F6-4C5F-A23D-B55CE623F257}.Release|iPhone.Build.0 = Release|Any CPU
		{0D926861-27F6-4C5F-A23D-B55CE623F257}.Release|iPhone.Deploy.0 = Release|Any CPU
		{0D926861-27F6-4C5F-A23D-B55CE623F257}.Release|iPhoneSimulator.ActiveCfg = Release|Any CPU
		{0D926861-27F6-4C5F-A23D-B55CE623F257}.Release|iPhoneSimulator.Build.0 = Release|Any CPU
		{0D926861-27F6-4C5F-A23D-B55CE623F257}.Release|iPhoneSimulator.Deploy.0 = Release|Any CPU
		{0D926861-27F6-4C5F-A23D-B55CE623F257}.Release|x64.ActiveCfg = Release|Any CPU
		{0D926861-27F6-4C5F-A23D-B55CE623F257}.Release|x64.Build.0 = Release|Any CPU
		{0D926861-27F6-4C5F-A23D-B55CE623F257}.Release|x64.Deploy.0 = Release|Any CPU
		{0D926861-27F6-4C5F-A23D-B55CE623F257}.Release|x86.ActiveCfg = Release|Any CPU
		{0D926861-27F6-4C5F-A23D-B55CE623F257}.Release|x86.Build.0 = Release|Any CPU
		{0D926861-27F6-4C5F-A23D-B55CE623F257}.Release|x86.Deploy.0 = Release|Any CPU
		{E0CF057E-D5C2-4DA1-8907-C11AB4453203}.Debug|Any CPU.ActiveCfg = Debug|iPhone
		{E0CF057E-D5C2-4DA1-8907-C11AB4453203}.Debug|ARM.ActiveCfg = Debug|iPhone
		{E0CF057E-D5C2-4DA1-8907-C11AB4453203}.Debug|iPhone.ActiveCfg = Debug|iPhone
		{E0CF057E-D5C2-4DA1-8907-C11AB4453203}.Debug|iPhone.Build.0 = Debug|iPhone
		{E0CF057E-D5C2-4DA1-8907-C11AB4453203}.Debug|iPhoneSimulator.ActiveCfg = Debug|iPhoneSimulator
		{E0CF057E-D5C2-4DA1-8907-C11AB4453203}.Debug|iPhoneSimulator.Build.0 = Debug|iPhoneSimulator
		{E0CF057E-D5C2-4DA1-8907-C11AB4453203}.Debug|x64.ActiveCfg = Debug|iPhone
		{E0CF057E-D5C2-4DA1-8907-C11AB4453203}.Debug|x86.ActiveCfg = Debug|iPhone
		{E0CF057E-D5C2-4DA1-8907-C11AB4453203}.Release|Any CPU.ActiveCfg = Release|iPhone
		{E0CF057E-D5C2-4DA1-8907-C11AB4453203}.Release|ARM.ActiveCfg = Release|iPhone
		{E0CF057E-D5C2-4DA1-8907-C11AB4453203}.Release|iPhone.ActiveCfg = Release|iPhone
		{E0CF057E-D5C2-4DA1-8907-C11AB4453203}.Release|iPhone.Build.0 = Release|iPhone
		{E0CF057E-D5C2-4DA1-8907-C11AB4453203}.Release|iPhoneSimulator.ActiveCfg = Release|iPhoneSimulator
		{E0CF057E-D5C2-4DA1-8907-C11AB4453203}.Release|iPhoneSimulator.Build.0 = Release|iPhoneSimulator
		{E0CF057E-D5C2-4DA1-8907-C11AB4453203}.Release|x64.ActiveCfg = Release|iPhone
		{E0CF057E-D5C2-4DA1-8907-C11AB4453203}.Release|x86.ActiveCfg = Release|iPhone
		{5B39319A-502C-4569-9921-B4CAAF1C2C62}.Debug|Any CPU.ActiveCfg = Debug|Any CPU
		{5B39319A-502C-4569-9921-B4CAAF1C2C62}.Debug|Any CPU.Build.0 = Debug|Any CPU
		{5B39319A-502C-4569-9921-B4CAAF1C2C62}.Debug|ARM.ActiveCfg = Debug|Any CPU
		{5B39319A-502C-4569-9921-B4CAAF1C2C62}.Debug|ARM.Build.0 = Debug|Any CPU
		{5B39319A-502C-4569-9921-B4CAAF1C2C62}.Debug|iPhone.ActiveCfg = Debug|Any CPU
		{5B39319A-502C-4569-9921-B4CAAF1C2C62}.Debug|iPhone.Build.0 = Debug|Any CPU
		{5B39319A-502C-4569-9921-B4CAAF1C2C62}.Debug|iPhoneSimulator.ActiveCfg = Debug|Any CPU
		{5B39319A-502C-4569-9921-B4CAAF1C2C62}.Debug|iPhoneSimulator.Build.0 = Debug|Any CPU
		{5B39319A-502C-4569-9921-B4CAAF1C2C62}.Debug|x64.ActiveCfg = Debug|Any CPU
		{5B39319A-502C-4569-9921-B4CAAF1C2C62}.Debug|x64.Build.0 = Debug|Any CPU
		{5B39319A-502C-4569-9921-B4CAAF1C2C62}.Debug|x86.ActiveCfg = Debug|Any CPU
		{5B39319A-502C-4569-9921-B4CAAF1C2C62}.Debug|x86.Build.0 = Debug|Any CPU
		{5B39319A-502C-4569-9921-B4CAAF1C2C62}.Release|Any CPU.ActiveCfg = Release|Any CPU
		{5B39319A-502C-4569-9921-B4CAAF1C2C62}.Release|Any CPU.Build.0 = Release|Any CPU
		{5B39319A-502C-4569-9921-B4CAAF1C2C62}.Release|ARM.ActiveCfg = Release|Any CPU
		{5B39319A-502C-4569-9921-B4CAAF1C2C62}.Release|ARM.Build.0 = Release|Any CPU
		{5B39319A-502C-4569-9921-B4CAAF1C2C62}.Release|iPhone.ActiveCfg = Release|Any CPU
		{5B39319A-502C-4569-9921-B4CAAF1C2C62}.Release|iPhone.Build.0 = Release|Any CPU
		{5B39319A-502C-4569-9921-B4CAAF1C2C62}.Release|iPhoneSimulator.ActiveCfg = Release|Any CPU
		{5B39319A-502C-4569-9921-B4CAAF1C2C62}.Release|iPhoneSimulator.Build.0 = Release|Any CPU
		{5B39319A-502C-4569-9921-B4CAAF1C2C62}.Release|x64.ActiveCfg = Release|Any CPU
		{5B39319A-502C-4569-9921-B4CAAF1C2C62}.Release|x64.Build.0 = Release|Any CPU
		{5B39319A-502C-4569-9921-B4CAAF1C2C62}.Release|x86.ActiveCfg = Release|Any CPU
		{5B39319A-502C-4569-9921-B4CAAF1C2C62}.Release|x86.Build.0 = Release|Any CPU
	EndGlobalSection
	GlobalSection(SolutionProperties) = preSolution
		HideSolutionNode = FALSE
	EndGlobalSection
	GlobalSection(NestedProjects) = preSolution
		{4D7A9833-3C98-42C4-A2DD-AE4C5D3E5342} = {E6F87AAE-C767-4D1F-8663-1866F88EC5C1}
		{13CA434A-4F4D-4892-97DB-F1ACAD25442F} = {DFFD1D93-AC6A-42FA-A612-CA50F143E1C6}
		{0D926861-27F6-4C5F-A23D-B55CE623F257} = {DFFD1D93-AC6A-42FA-A612-CA50F143E1C6}
		{E0CF057E-D5C2-4DA1-8907-C11AB4453203} = {DFFD1D93-AC6A-42FA-A612-CA50F143E1C6}
		{5B39319A-502C-4569-9921-B4CAAF1C2C62} = {DFFD1D93-AC6A-42FA-A612-CA50F143E1C6}
		{DFFD1D93-AC6A-42FA-A612-CA50F143E1C6} = {E6F87AAE-C767-4D1F-8663-1866F88EC5C1}
	EndGlobalSection
	GlobalSection(ExtensibilityGlobals) = postSolution
		SolutionGuid = {4CEDD32B-11C4-48B1-9963-3E9D553C73D0}
	EndGlobalSection
EndGlobal
